
Microsoft Visual Studio Solution File, Format Version 12.00
# Visual Studio 15
VisualStudioVersion = 15.0.27004.2002
MinimumVisualStudioVersion = 10.0.40219.1
Project("{FAE04EC0-301F-11D3-BF4B-00C04F79EFBC}") = "WoWUtility", "WoWAddonSync\WoWUtility.csproj", "{0CA2359C-A161-4309-8964-B91C5A645BF3}"
EndProject
Project("{FAE04EC0-301F-11D3-BF4B-00C04F79EFBC}") = "FunkionenLibrary", "..\FunkionenLibrary\FunkionenLibrary\FunkionenLibrary.csproj", "{08445A5B-1AF4-4951-ADF6-F0BF05A163E3}"
EndProject
Global
	GlobalSection(SolutionConfigurationPlatforms) = preSolution
		Debug|Any CPU = Debug|Any CPU
		Debug|ARM = Debug|ARM
		Debug|x64 = Debug|x64
		Debug|x86 = Debug|x86
		Release|Any CPU = Release|Any CPU
		Release|ARM = Release|ARM
		Release|x64 = Release|x64
		Release|x86 = Release|x86
	EndGlobalSection
	GlobalSection(ProjectConfigurationPlatforms) = postSolution
		{0CA2359C-A161-4309-8964-B91C5A645BF3}.Debug|Any CPU.ActiveCfg = Debug|Any CPU
		{0CA2359C-A161-4309-8964-B91C5A645BF3}.Debug|Any CPU.Build.0 = Debug|Any CPU
		{0CA2359C-A161-4309-8964-B91C5A645BF3}.Debug|ARM.ActiveCfg = Debug|Any CPU
		{0CA2359C-A161-4309-8964-B91C5A645BF3}.Debug|ARM.Build.0 = Debug|Any CPU
		{0CA2359C-A161-4309-8964-B91C5A645BF3}.Debug|x64.ActiveCfg = Debug|Any CPU
		{0CA2359C-A161-4309-8964-B91C5A645BF3}.Debug|x64.Build.0 = Debug|Any CPU
		{0CA2359C-A161-4309-8964-B91C5A645BF3}.Debug|x86.ActiveCfg = Debug|Any CPU
		{0CA2359C-A161-4309-8964-B91C5A645BF3}.Debug|x86.Build.0 = Debug|Any CPU
		{0CA2359C-A161-4309-8964-B91C5A645BF3}.Release|Any CPU.ActiveCfg = Release|Any CPU
		{0CA2359C-A161-4309-8964-B91C5A645BF3}.Release|Any CPU.Build.0 = Release|Any CPU
		{0CA2359C-A161-4309-8964-B91C5A645BF3}.Release|ARM.ActiveCfg = Release|Any CPU
		{0CA2359C-A161-4309-8964-B91C5A645BF3}.Release|ARM.Build.0 = Release|Any CPU
		{0CA2359C-A161-4309-8964-B91C5A645BF3}.Release|x64.ActiveCfg = Release|Any CPU
		{0CA2359C-A161-4309-8964-B91C5A645BF3}.Release|x64.Build.0 = Release|Any CPU
		{0CA2359C-A161-4309-8964-B91C5A645BF3}.Release|x86.ActiveCfg = Release|Any CPU
		{0CA2359C-A161-4309-8964-B91C5A645BF3}.Release|x86.Build.0 = Release|Any CPU
		{08445A5B-1AF4-4951-ADF6-F0BF05A163E3}.Debug|Any CPU.ActiveCfg = Debug|Any CPU
		{08445A5B-1AF4-4951-ADF6-F0BF05A163E3}.Debug|Any CPU.Build.0 = Debug|Any CPU
		{08445A5B-1AF4-4951-ADF6-F0BF05A163E3}.Debug|ARM.ActiveCfg = Debug|Any CPU
		{08445A5B-1AF4-4951-ADF6-F0BF05A163E3}.Debug|ARM.Build.0 = Debug|Any CPU
		{08445A5B-1AF4-4951-ADF6-F0BF05A163E3}.Debug|x64.ActiveCfg = Debug|Any CPU
		{08445A5B-1AF4-4951-ADF6-F0BF05A163E3}.Debug|x64.Build.0 = Debug|Any CPU
		{08445A5B-1AF4-4951-ADF6-F0BF05A163E3}.Debug|x86.ActiveCfg = Debug|Any CPU
		{08445A5B-1AF4-4951-ADF6-F0BF05A163E3}.Debug|x86.Build.0 = Debug|Any CPU
		{08445A5B-1AF4-4951-ADF6-F0BF05A163E3}.Release|Any CPU.ActiveCfg = Release|Any CPU
		{08445A5B-1AF4-4951-ADF6-F0BF05A163E3}.Release|Any CPU.Build.0 = Release|Any CPU
		{08445A5B-1AF4-4951-ADF6-F0BF05A163E3}.Release|ARM.ActiveCfg = Release|Any CPU
		{08445A5B-1AF4-4951-ADF6-F0BF05A163E3}.Release|ARM.Build.0 = Release|Any CPU
		{08445A5B-1AF4-4951-ADF6-F0BF05A163E3}.Release|x64.ActiveCfg = Release|Any CPU
		{08445A5B-1AF4-4951-ADF6-F0BF05A163E3}.Release|x64.Build.0 = Release|Any CPU
		{08445A5B-1AF4-4951-ADF6-F0BF05A163E3}.Release|x86.ActiveCfg = Release|Any CPU
		{08445A5B-1AF4-4951-ADF6-F0BF05A163E3}.Release|x86.Build.0 = Release|Any CPU
	EndGlobalSection
	GlobalSection(SolutionProperties) = preSolution
		HideSolutionNode = FALSE
	EndGlobalSection
	GlobalSection(ExtensibilityGlobals) = postSolution
		SolutionGuid = {6A5FAF7A-298F-4E14-96FC-00867B2816E4}
	EndGlobalSection
EndGlobal
